
Microsoft Visual Studio Solution File, Format Version 12.00
# Visual Studio Version 17
VisualStudioVersion = 17.1.32421.90
MinimumVisualStudioVersion = 10.0.40219.1
Project("{FAE04EC0-301F-11D3-BF4B-00C04F79EFBC}") = "task1eliya", "task1eliya\task1eliya.csproj", "{1EDBEAEA-3D60-48B2-93E1-A81D91A60A7F}"
EndProject
Global
	GlobalSection(SolutionConfigurationPlatforms) = preSolution
		Debug|Any CPU = Debug|Any CPU
		Release|Any CPU = Release|Any CPU
	EndGlobalSection
	GlobalSection(ProjectConfigurationPlatforms) = postSolution
		{1EDBEAEA-3D60-48B2-93E1-A81D91A60A7F}.Debug|Any CPU.ActiveCfg = Debug|Any CPU
		{1EDBEAEA-3D60-48B2-93E1-A81D91A60A7F}.Debug|Any CPU.Build.0 = Debug|Any CPU
		{1EDBEAEA-3D60-48B2-93E1-A81D91A60A7F}.Release|Any CPU.ActiveCfg = Release|Any CPU
		{1EDBEAEA-3D60-48B2-93E1-A81D91A60A7F}.Release|Any CPU.Build.0 = Release|Any CPU
	EndGlobalSection
	GlobalSection(SolutionProperties) = preSolution
		HideSolutionNode = FALSE
	EndGlobalSection
	GlobalSection(ExtensibilityGlobals) = postSolution
		SolutionGuid = {C71AA389-42E3-4A84-B6D3-439442CEE86E}
	EndGlobalSection
EndGlobal
